// !$*UTF8*$!
{
	archiveVersion = 1;
	classes = {
	};
	objectVersion = 50;
	objects = {

/* Begin PBXBuildFile section */
		5EBBF8512138468A0049E323 /* Meal.swift in Sources */ = {isa = PBXBuildFile; fileRef = 5EBBF8502138468A0049E323 /* Meal.swift */; };
		5ED3D15A2135997D00984BA6 /* AppDelegate.swift in Sources */ = {isa = PBXBuildFile; fileRef = 5ED3D1592135997D00984BA6 /* AppDelegate.swift */; };
		5ED3D15C2135997D00984BA6 /* ViewController.swift in Sources */ = {isa = PBXBuildFile; fileRef = 5ED3D15B2135997D00984BA6 /* ViewController.swift */; };
		5ED3D15F2135997D00984BA6 /* Main.storyboard in Resources */ = {isa = PBXBuildFile; fileRef = 5ED3D15D2135997D00984BA6 /* Main.storyboard */; };
		5ED3D1612135997E00984BA6 /* Assets.xcassets in Resources */ = {isa = PBXBuildFile; fileRef = 5ED3D1602135997E00984BA6 /* Assets.xcassets */; };
		5ED3D1642135997E00984BA6 /* LaunchScreen.storyboard in Resources */ = {isa = PBXBuildFile; fileRef = 5ED3D1622135997E00984BA6 /* LaunchScreen.storyboard */; };
		5ED3D16F2135997E00984BA6 /* FoodTrackerTests.swift in Sources */ = {isa = PBXBuildFile; fileRef = 5ED3D16E2135997E00984BA6 /* FoodTrackerTests.swift */; };
		5ED3D17A2135997E00984BA6 /* FoodTrackerUITests.swift in Sources */ = {isa = PBXBuildFile; fileRef = 5ED3D1792135997E00984BA6 /* FoodTrackerUITests.swift */; };
		5ED3D1882136E09C00984BA6 /* RatingControl.swift in Sources */ = {isa = PBXBuildFile; fileRef = 5ED3D1872136E09C00984BA6 /* RatingControl.swift */; };
/* End PBXBuildFile section */

/* Begin PBXContainerItemProxy section */
		5ED3D16B2135997E00984BA6 /* PBXContainerItemProxy */ = {
			isa = PBXContainerItemProxy;
			containerPortal = 5ED3D14E2135997D00984BA6 /* Project object */;
			proxyType = 1;
			remoteGlobalIDString = 5ED3D1552135997D00984BA6;
			remoteInfo = FoodTracker;
		};
		5ED3D1762135997E00984BA6 /* PBXContainerItemProxy */ = {
			isa = PBXContainerItemProxy;
			containerPortal = 5ED3D14E2135997D00984BA6 /* Project object */;
			proxyType = 1;
			remoteGlobalIDString = 5ED3D1552135997D00984BA6;
			remoteInfo = FoodTracker;
		};
/* End PBXContainerItemProxy section */

/* Begin PBXFileReference section */
		5EBBF8502138468A0049E323 /* Meal.swift */ = {isa = PBXFileReference; lastKnownFileType = sourcecode.swift; path = Meal.swift; sourceTree = "<group>"; };
		5ED3D1562135997D00984BA6 /* FoodTracker.app */ = {isa = PBXFileReference; explicitFileType = wrapper.application; includeInIndex = 0; path = FoodTracker.app; sourceTree = BUILT_PRODUCTS_DIR; };
		5ED3D1592135997D00984BA6 /* AppDelegate.swift */ = {isa = PBXFileReference; lastKnownFileType = sourcecode.swift; path = AppDelegate.swift; sourceTree = "<group>"; };
		5ED3D15B2135997D00984BA6 /* ViewController.swift */ = {isa = PBXFileReference; lastKnownFileType = sourcecode.swift; path = ViewController.swift; sourceTree = "<group>"; };
		5ED3D15E2135997D00984BA6 /* Base */ = {isa = PBXFileReference; lastKnownFileType = file.storyboard; name = Base; path = Base.lproj/Main.storyboard; sourceTree = "<group>"; };
		5ED3D1602135997E00984BA6 /* Assets.xcassets */ = {isa = PBXFileReference; lastKnownFileType = folder.assetcatalog; path = Assets.xcassets; sourceTree = "<group>"; };
		5ED3D1632135997E00984BA6 /* Base */ = {isa = PBXFileReference; lastKnownFileType = file.storyboard; name = Base; path = Base.lproj/LaunchScreen.storyboard; sourceTree = "<group>"; };
		5ED3D1652135997E00984BA6 /* Info.plist */ = {isa = PBXFileReference; lastKnownFileType = text.plist.xml; path = Info.plist; sourceTree = "<group>"; };
		5ED3D16A2135997E00984BA6 /* FoodTrackerTests.xctest */ = {isa = PBXFileReference; explicitFileType = wrapper.cfbundle; includeInIndex = 0; path = FoodTrackerTests.xctest; sourceTree = BUILT_PRODUCTS_DIR; };
		5ED3D16E2135997E00984BA6 /* FoodTrackerTests.swift */ = {isa = PBXFileReference; lastKnownFileType = sourcecode.swift; path = FoodTrackerTests.swift; sourceTree = "<group>"; };
		5ED3D1702135997E00984BA6 /* Info.plist */ = {isa = PBXFileReference; lastKnownFileType = text.plist.xml; path = Info.plist; sourceTree = "<group>"; };
		5ED3D1752135997E00984BA6 /* FoodTrackerUITests.xctest */ = {isa = PBXFileReference; explicitFileType = wrapper.cfbundle; includeInIndex = 0; path = FoodTrackerUITests.xctest; sourceTree = BUILT_PRODUCTS_DIR; };
		5ED3D1792135997E00984BA6 /* FoodTrackerUITests.swift */ = {isa = PBXFileReference; lastKnownFileType = sourcecode.swift; path = FoodTrackerUITests.swift; sourceTree = "<group>"; };
		5ED3D17B2135997E00984BA6 /* Info.plist */ = {isa = PBXFileReference; lastKnownFileType = text.plist.xml; path = Info.plist; sourceTree = "<group>"; };
		5ED3D1872136E09C00984BA6 /* RatingControl.swift */ = {isa = PBXFileReference; lastKnownFileType = sourcecode.swift; path = RatingControl.swift; sourceTree = "<group>"; };
/* End PBXFileReference section */

/* Begin PBXFrameworksBuildPhase section */
		5ED3D1532135997D00984BA6 /* Frameworks */ = {
			isa = PBXFrameworksBuildPhase;
			buildActionMask = 2147483647;
			files = (
			);
			runOnlyForDeploymentPostprocessing = 0;
		};
		5ED3D1672135997E00984BA6 /* Frameworks */ = {
			isa = PBXFrameworksBuildPhase;
			buildActionMask = 2147483647;
			files = (
			);
			runOnlyForDeploymentPostprocessing = 0;
		};
		5ED3D1722135997E00984BA6 /* Frameworks */ = {
			isa = PBXFrameworksBuildPhase;
			buildActionMask = 2147483647;
			files = (
			);
			runOnlyForDeploymentPostprocessing = 0;
		};
/* End PBXFrameworksBuildPhase section */

/* Begin PBXGroup section */
		5ED3D14D2135997D00984BA6 = {
			isa = PBXGroup;
			children = (
				5ED3D1582135997D00984BA6 /* FoodTracker */,
				5ED3D16D2135997E00984BA6 /* FoodTrackerTests */,
				5ED3D1782135997E00984BA6 /* FoodTrackerUITests */,
				5ED3D1572135997D00984BA6 /* Products */,
			);
			sourceTree = "<group>";
		};
		5ED3D1572135997D00984BA6 /* Products */ = {
			isa = PBXGroup;
			children = (
				5ED3D1562135997D00984BA6 /* FoodTracker.app */,
				5ED3D16A2135997E00984BA6 /* FoodTrackerTests.xctest */,
				5ED3D1752135997E00984BA6 /* FoodTrackerUITests.xctest */,
			);
			name = Products;
			sourceTree = "<group>";
		};
		5ED3D1582135997D00984BA6 /* FoodTracker */ = {
			isa = PBXGroup;
			children = (
				5ED3D1592135997D00984BA6 /* AppDelegate.swift */,
				5ED3D15B2135997D00984BA6 /* ViewController.swift */,
				5ED3D1872136E09C00984BA6 /* RatingControl.swift */,
				5EBBF8502138468A0049E323 /* Meal.swift */,
				5ED3D15D2135997D00984BA6 /* Main.storyboard */,
				5ED3D1602135997E00984BA6 /* Assets.xcassets */,
				5ED3D1622135997E00984BA6 /* LaunchScreen.storyboard */,
				5ED3D1652135997E00984BA6 /* Info.plist */,
			);
			path = FoodTracker;
			sourceTree = "<group>";
		};
		5ED3D16D2135997E00984BA6 /* FoodTrackerTests */ = {
			isa = PBXGroup;
			children = (
				5ED3D16E2135997E00984BA6 /* FoodTrackerTests.swift */,
				5ED3D1702135997E00984BA6 /* Info.plist */,
			);
			path = FoodTrackerTests;
			sourceTree = "<group>";
		};
		5ED3D1782135997E00984BA6 /* FoodTrackerUITests */ = {
			isa = PBXGroup;
			children = (
				5ED3D1792135997E00984BA6 /* FoodTrackerUITests.swift */,
				5ED3D17B2135997E00984BA6 /* Info.plist */,
			);
			path = FoodTrackerUITests;
			sourceTree = "<group>";
		};
/* End PBXGroup section */

/* Begin PBXNativeTarget section */
		5ED3D1552135997D00984BA6 /* FoodTracker */ = {
			isa = PBXNativeTarget;
			buildConfigurationList = 5ED3D17E2135997E00984BA6 /* Build configuration list for PBXNativeTarget "FoodTracker" */;
			buildPhases = (
				5ED3D1522135997D00984BA6 /* Sources */,
				5ED3D1532135997D00984BA6 /* Frameworks */,
				5ED3D1542135997D00984BA6 /* Resources */,
			);
			buildRules = (
			);
			dependencies = (
			);
			name = FoodTracker;
			productName = FoodTracker;
			productReference = 5ED3D1562135997D00984BA6 /* FoodTracker.app */;
			productType = "com.apple.product-type.application";
		};
		5ED3D1692135997E00984BA6 /* FoodTrackerTests */ = {
			isa = PBXNativeTarget;
			buildConfigurationList = 5ED3D1812135997E00984BA6 /* Build configuration list for PBXNativeTarget "FoodTrackerTests" */;
			buildPhases = (
				5ED3D1662135997E00984BA6 /* Sources */,
				5ED3D1672135997E00984BA6 /* Frameworks */,
				5ED3D1682135997E00984BA6 /* Resources */,
			);
			buildRules = (
			);
			dependencies = (
				5ED3D16C2135997E00984BA6 /* PBXTargetDependency */,
			);
			name = FoodTrackerTests;
			productName = FoodTrackerTests;
			productReference = 5ED3D16A2135997E00984BA6 /* FoodTrackerTests.xctest */;
			productType = "com.apple.product-type.bundle.unit-test";
		};
		5ED3D1742135997E00984BA6 /* FoodTrackerUITests */ = {
			isa = PBXNativeTarget;
			buildConfigurationList = 5ED3D1842135997E00984BA6 /* Build configuration list for PBXNativeTarget "FoodTrackerUITests" */;
			buildPhases = (
				5ED3D1712135997E00984BA6 /* Sources */,
				5ED3D1722135997E00984BA6 /* Frameworks */,
				5ED3D1732135997E00984BA6 /* Resources */,
			);
			buildRules = (
			);
			dependencies = (
				5ED3D1772135997E00984BA6 /* PBXTargetDependency */,
			);
			name = FoodTrackerUITests;
			productName = FoodTrackerUITests;
			productReference = 5ED3D1752135997E00984BA6 /* FoodTrackerUITests.xctest */;
			productType = "com.apple.product-type.bundle.ui-testing";
		};
/* End PBXNativeTarget section */

/* Begin PBXProject section */
		5ED3D14E2135997D00984BA6 /* Project object */ = {
			isa = PBXProject;
			attributes = {
				LastSwiftUpdateCheck = 0940;
				LastUpgradeCheck = 0940;
				ORGANIZATIONNAME = "Joe Eagar";
				TargetAttributes = {
					5ED3D1552135997D00984BA6 = {
						CreatedOnToolsVersion = 9.4.1;
					};
					5ED3D1692135997E00984BA6 = {
						CreatedOnToolsVersion = 9.4.1;
						TestTargetID = 5ED3D1552135997D00984BA6;
					};
					5ED3D1742135997E00984BA6 = {
						CreatedOnToolsVersion = 9.4.1;
						TestTargetID = 5ED3D1552135997D00984BA6;
					};
				};
			};
			buildConfigurationList = 5ED3D1512135997D00984BA6 /* Build configuration list for PBXProject "FoodTracker" */;
			compatibilityVersion = "Xcode 9.3";
			developmentRegion = en;
			hasScannedForEncodings = 0;
			knownRegions = (
				en,
				Base,
			);
			mainGroup = 5ED3D14D2135997D00984BA6;
			productRefGroup = 5ED3D1572135997D00984BA6 /* Products */;
			projectDirPath = "";
			projectRoot = "";
			targets = (
				5ED3D1552135997D00984BA6 /* FoodTracker */,
				5ED3D1692135997E00984BA6 /* FoodTrackerTests */,
				5ED3D1742135997E00984BA6 /* FoodTrackerUITests */,
			);
		};
/* End PBXProject section */

/* Begin PBXResourcesBuildPhase section */
		5ED3D1542135997D00984BA6 /* Resources */ = {
			isa = PBXResourcesBuildPhase;
			buildActionMask = 2147483647;
			files = (
				5ED3D1642135997E00984BA6 /* LaunchScreen.storyboard in Resources */,
				5ED3D1612135997E00984BA6 /* Assets.xcassets in Resources */,
				5ED3D15F2135997D00984BA6 /* Main.storyboard in Resources */,
			);
			runOnlyForDeploymentPostprocessing = 0;
		};
		5ED3D1682135997E00984BA6 /* Resources */ = {
			isa = PBXResourcesBuildPhase;
			buildActionMask = 2147483647;
			files = (
			);
			runOnlyForDeploymentPostprocessing = 0;
		};
		5ED3D1732135997E00984BA6 /* Resources */ = {
			isa = PBXResourcesBuildPhase;
			buildActionMask = 2147483647;
			files = (
			);
			runOnlyForDeploymentPostprocessing = 0;
		};
/* End PBXResourcesBuildPhase section */

/* Begin PBXSourcesBuildPhase section */
		5ED3D1522135997D00984BA6 /* Sources */ = {
			isa = PBXSourcesBuildPhase;
			buildActionMask = 2147483647;
			files = (
				5EBBF8512138468A0049E323 /* Meal.swift in Sources */,
				5ED3D15C2135997D00984BA6 /* ViewController.swift in Sources */,
				5ED3D1882136E09C00984BA6 /* RatingControl.swift in Sources */,
				5ED3D15A2135997D00984BA6 /* AppDelegate.swift in Sources */,
			);
			runOnlyForDeploymentPostprocessing = 0;
		};
		5ED3D1662135997E00984BA6 /* Sources */ = {
			isa = PBXSourcesBuildPhase;
			buildActionMask = 2147483647;
			files = (
				5ED3D16F2135997E00984BA6 /* FoodTrackerTests.swift in Sources */,
			);
			runOnlyForDeploymentPostprocessing = 0;
		};
		5ED3D1712135997E00984BA6 /* Sources */ = {
			isa = PBXSourcesBuildPhase;
			buildActionMask = 2147483647;
			files = (
				5ED3D17A2135997E00984BA6 /* FoodTrackerUITests.swift in Sources */,
			);
			runOnlyForDeploymentPostprocessing = 0;
		};
/* End PBXSourcesBuildPhase section */

/* Begin PBXTargetDependency section */
		5ED3D16C2135997E00984BA6 /* PBXTargetDependency */ = {
			isa = PBXTargetDependency;
			target = 5ED3D1552135997D00984BA6 /* FoodTracker */;
			targetProxy = 5ED3D16B2135997E00984BA6 /* PBXContainerItemProxy */;
		};
		5ED3D1772135997E00984BA6 /* PBXTargetDependency */ = {
			isa = PBXTargetDependency;
			target = 5ED3D1552135997D00984BA6 /* FoodTracker */;
			targetProxy = 5ED3D1762135997E00984BA6 /* PBXContainerItemProxy */;
		};
/* End PBXTargetDependency section */

/* Begin PBXVariantGroup section */
		5ED3D15D2135997D00984BA6 /* Main.storyboard */ = {
			isa = PBXVariantGroup;
			children = (
				5ED3D15E2135997D00984BA6 /* Base */,
			);
			name = Main.storyboard;
			sourceTree = "<group>";
		};
		5ED3D1622135997E00984BA6 /* LaunchScreen.storyboard */ = {
			isa = PBXVariantGroup;
			children = (
				5ED3D1632135997E00984BA6 /* Base */,
			);
			name = LaunchScreen.storyboard;
			sourceTree = "<group>";
		};
/* End PBXVariantGroup section */

/* Begin XCBuildConfiguration section */
		5ED3D17C2135997E00984BA6 /* Debug */ = {
			isa = XCBuildConfiguration;
			buildSettings = {
				ALWAYS_SEARCH_USER_PATHS = NO;
				CLANG_ANALYZER_NONNULL = YES;
				CLANG_ANALYZER_NUMBER_OBJECT_CONVERSION = YES_AGGRESSIVE;
				CLANG_CXX_LANGUAGE_STANDARD = "gnu++14";
				CLANG_CXX_LIBRARY = "libc++";
				CLANG_ENABLE_MODULES = YES;
				CLANG_ENABLE_OBJC_ARC = YES;
				CLANG_ENABLE_OBJC_WEAK = YES;
				CLANG_WARN_BLOCK_CAPTURE_AUTORELEASING = YES;
				CLANG_WARN_BOOL_CONVERSION = YES;
				CLANG_WARN_COMMA = YES;
				CLANG_WARN_CONSTANT_CONVERSION = YES;
				CLANG_WARN_DEPRECATED_OBJC_IMPLEMENTATIONS = YES;
				CLANG_WARN_DIRECT_OBJC_ISA_USAGE = YES_ERROR;
				CLANG_WARN_DOCUMENTATION_COMMENTS = YES;
				CLANG_WARN_EMPTY_BODY = YES;
				CLANG_WARN_ENUM_CONVERSION = YES;
				CLANG_WARN_INFINITE_RECURSION = YES;
				CLANG_WARN_INT_CONVERSION = YES;
				CLANG_WARN_NON_LITERAL_NULL_CONVERSION = YES;
				CLANG_WARN_OBJC_IMPLICIT_RETAIN_SELF = YES;
				CLANG_WARN_OBJC_LITERAL_CONVERSION = YES;
				CLANG_WARN_OBJC_ROOT_CLASS = YES_ERROR;
				CLANG_WARN_RANGE_LOOP_ANALYSIS = YES;
				CLANG_WARN_STRICT_PROTOTYPES = YES;
				CLANG_WARN_SUSPICIOUS_MOVE = YES;
				CLANG_WARN_UNGUARDED_AVAILABILITY = YES_AGGRESSIVE;
				CLANG_WARN_UNREACHABLE_CODE = YES;
				CLANG_WARN__DUPLICATE_METHOD_MATCH = YES;
				CODE_SIGN_IDENTITY = "iPhone Developer";
				COPY_PHASE_STRIP = NO;
				DEBUG_INFORMATION_FORMAT = dwarf;
				ENABLE_STRICT_OBJC_MSGSEND = YES;
				ENABLE_TESTABILITY = YES;
				GCC_C_LANGUAGE_STANDARD = gnu11;
				GCC_DYNAMIC_NO_PIC = NO;
				GCC_NO_COMMON_BLOCKS = YES;
				GCC_OPTIMIZATION_LEVEL = 0;
				GCC_PREPROCESSOR_DEFINITIONS = (
					"DEBUG=1",
					"$(inherited)",
				);
				GCC_WARN_64_TO_32_BIT_CONVERSION = YES;
				GCC_WARN_ABOUT_RETURN_TYPE = YES_ERROR;
				GCC_WARN_UNDECLARED_SELECTOR = YES;
				GCC_WARN_UNINITIALIZED_AUTOS = YES_AGGRESSIVE;
				GCC_WARN_UNUSED_FUNCTION = YES;
				GCC_WARN_UNUSED_VARIABLE = YES;
				IPHONEOS_DEPLOYMENT_TARGET = 11.4;
				MTL_ENABLE_DEBUG_INFO = YES;
				ONLY_ACTIVE_ARCH = YES;
				SDKROOT = iphoneos;
				SWIFT_ACTIVE_COMPILATION_CONDITIONS = DEBUG;
				SWIFT_OPTIMIZATION_LEVEL = "-Onone";
			};
			name = Debug;
		};
		5ED3D17D2135997E00984BA6 /* Release */ = {
			isa = XCBuildConfiguration;
			buildSettings = {
				ALWAYS_SEARCH_USER_PATHS = NO;
				CLANG_ANALYZER_NONNULL = YES;
				CLANG_ANALYZER_NUMBER_OBJECT_CONVERSION = YES_AGGRESSIVE;
				CLANG_CXX_LANGUAGE_STANDARD = "gnu++14";
				CLANG_CXX_LIBRARY = "libc++";
				CLANG_ENABLE_MODULES = YES;
				CLANG_ENABLE_OBJC_ARC = YES;
				CLANG_ENABLE_OBJC_WEAK = YES;
				CLANG_WARN_BLOCK_CAPTURE_AUTORELEASING = YES;
				CLANG_WARN_BOOL_CONVERSION = YES;
				CLANG_WARN_COMMA = YES;
				CLANG_WARN_CONSTANT_CONVERSION = YES;
				CLANG_WARN_DEPRECATED_OBJC_IMPLEMENTATIONS = YES;
				CLANG_WARN_DIRECT_OBJC_ISA_USAGE = YES_ERROR;
				CLANG_WARN_DOCUMENTATION_COMMENTS = YES;
				CLANG_WARN_EMPTY_BODY = YES;
				CLANG_WARN_ENUM_CONVERSION = YES;
				CLANG_WARN_INFINITE_RECURSION = YES;
				CLANG_WARN_INT_CONVERSION = YES;
				CLANG_WARN_NON_LITERAL_NULL_CONVERSION = YES;
				CLANG_WARN_OBJC_IMPLICIT_RETAIN_SELF = YES;
				CLANG_WARN_OBJC_LITERAL_CONVERSION = YES;
				CLANG_WARN_OBJC_ROOT_CLASS = YES_ERROR;
				CLANG_WARN_RANGE_LOOP_ANALYSIS = YES;
				CLANG_WARN_STRICT_PROTOTYPES = YES;
				CLANG_WARN_SUSPICIOUS_MOVE = YES;
				CLANG_WARN_UNGUARDED_AVAILABILITY = YES_AGGRESSIVE;
				CLANG_WARN_UNREACHABLE_CODE = YES;
				CLANG_WARN__DUPLICATE_METHOD_MATCH = YES;
				CODE_SIGN_IDENTITY = "iPhone Developer";
				COPY_PHASE_STRIP = NO;
				DEBUG_INFORMATION_FORMAT = "dwarf-with-dsym";
				ENABLE_NS_ASSERTIONS = NO;
				ENABLE_STRICT_OBJC_MSGSEND = YES;
				GCC_C_LANGUAGE_STANDARD = gnu11;
				GCC_NO_COMMON_BLOCKS = YES;
				GCC_WARN_64_TO_32_BIT_CONVERSION = YES;
				GCC_WARN_ABOUT_RETURN_TYPE = YES_ERROR;
				GCC_WARN_UNDECLARED_SELECTOR = YES;
				GCC_WARN_UNINITIALIZED_AUTOS = YES_AGGRESSIVE;
				GCC_WARN_UNUSED_FUNCTION = YES;
				GCC_WARN_UNUSED_VARIABLE = YES;
				IPHONEOS_DEPLOYMENT_TARGET = 11.4;
				MTL_ENABLE_DEBUG_INFO = NO;
				SDKROOT = iphoneos;
				SWIFT_COMPILATION_MODE = wholemodule;
				SWIFT_OPTIMIZATION_LEVEL = "-O";
				VALIDATE_PRODUCT = YES;
			};
			name = Release;
		};
		5ED3D17F2135997E00984BA6 /* Debug */ = {
			isa = XCBuildConfiguration;
			buildSettings = {
				ASSETCATALOG_COMPILER_APPICON_NAME = AppIcon;
				CODE_SIGN_STYLE = Automatic;
				INFOPLIST_FILE = FoodTracker/Info.plist;
				LD_RUNPATH_SEARCH_PATHS = (
					"$(inherited)",
					"@executable_path/Frameworks",
				);
				PRODUCT_BUNDLE_IDENTIFIER = Joescomp.FoodTracker;
				PRODUCT_NAME = "$(TARGET_NAME)";
				SWIFT_VERSION = 4.0;
				TARGETED_DEVICE_FAMILY = "1,2";
			};
			name = Debug;
		};
		5ED3D1802135997E00984BA6 /* Release */ = {
			isa = XCBuildConfiguration;
			buildSettings = {
				ASSETCATALOG_COMPILER_APPICON_NAME = AppIcon;
				CODE_SIGN_STYLE = Automatic;
				INFOPLIST_FILE = FoodTracker/Info.plist;
				LD_RUNPATH_SEARCH_PATHS = (
					"$(inherited)",
					"@executable_path/Frameworks",
				);
				PRODUCT_BUNDLE_IDENTIFIER = Joescomp.FoodTracker;
				PRODUCT_NAME = "$(TARGET_NAME)";
				SWIFT_VERSION = 4.0;
				TARGETED_DEVICE_FAMILY = "1,2";
			};
			name = Release;
		};
		5ED3D1822135997E00984BA6 /* Debug */ = {
			isa = XCBuildConfiguration;
			buildSettings = {
				ALWAYS_EMBED_SWIFT_STANDARD_LIBRARIES = YES;
				BUNDLE_LOADER = "$(TEST_HOST)";
				CODE_SIGN_STYLE = Automatic;
				INFOPLIST_FILE = FoodTrackerTests/Info.plist;
				LD_RUNPATH_SEARCH_PATHS = (
					"$(inherited)",
					"@executable_path/Frameworks",
					"@loader_path/Frameworks",
				);
				PRODUCT_BUNDLE_IDENTIFIER = Joescomp.FoodTrackerTests;
				PRODUCT_NAME = "$(TARGET_NAME)";
				SWIFT_VERSION = 4.0;
				TARGETED_DEVICE_FAMILY = "1,2";
				TEST_HOST = "$(BUILT_PRODUCTS_DIR)/FoodTracker.app/FoodTracker";
			};
			name = Debug;
		};
		5ED3D1832135997E00984BA6 /* Release */ = {
			isa = XCBuildConfiguration;
			buildSettings = {
				ALWAYS_EMBED_SWIFT_STANDARD_LIBRARIES = YES;
				BUNDLE_LOADER = "$(TEST_HOST)";
				CODE_SIGN_STYLE = Automatic;
				INFOPLIST_FILE = FoodTrackerTests/Info.plist;
				LD_RUNPATH_SEARCH_PATHS = (
					"$(inherited)",
					"@executable_path/Frameworks",
					"@loader_path/Frameworks",
				);
				PRODUCT_BUNDLE_IDENTIFIER = Joescomp.FoodTrackerTests;
				PRODUCT_NAME = "$(TARGET_NAME)";
				SWIFT_VERSION = 4.0;
				TARGETED_DEVICE_FAMILY = "1,2";
				TEST_HOST = "$(BUILT_PRODUCTS_DIR)/FoodTracker.app/FoodTracker";
			};
			name = Release;
		};
		5ED3D1852135997E00984BA6 /* Debug */ = {
			isa = XCBuildConfiguration;
			buildSettings = {
				ALWAYS_EMBED_SWIFT_STANDARD_LIBRARIES = YES;
				CODE_SIGN_STYLE = Automatic;
				INFOPLIST_FILE = FoodTrackerUITests/Info.plist;
				LD_RUNPATH_SEARCH_PATHS = (
					"$(inherited)",
					"@executable_path/Frameworks",
					"@loader_path/Frameworks",
				);
				PRODUCT_BUNDLE_IDENTIFIER = Joescomp.FoodTrackerUITests;
				PRODUCT_NAME = "$(TARGET_NAME)";
				SWIFT_VERSION = 4.0;
				TARGETED_DEVICE_FAMILY = "1,2";
				TEST_TARGET_NAME = FoodTracker;
			};
			name = Debug;
		};
		5ED3D1862135997E00984BA6 /* Release */ = {
			isa = XCBuildConfiguration;
			buildSettings = {
				ALWAYS_EMBED_SWIFT_STANDARD_LIBRARIES = YES;
				CODE_SIGN_STYLE = Automatic;
				INFOPLIST_FILE = FoodTrackerUITests/Info.plist;
				LD_RUNPATH_SEARCH_PATHS = (
					"$(inherited)",
					"@executable_path/Frameworks",
					"@loader_path/Frameworks",
				);
				PRODUCT_BUNDLE_IDENTIFIER = Joescomp.FoodTrackerUITests;
				PRODUCT_NAME = "$(TARGET_NAME)";
				SWIFT_VERSION = 4.0;
				TARGETED_DEVICE_FAMILY = "1,2";
				TEST_TARGET_NAME = FoodTracker;
			};
			name = Release;
		};
/* End XCBuildConfiguration section */

/* Begin XCConfigurationList section */
		5ED3D1512135997D00984BA6 /* Build configuration list for PBXProject "FoodTracker" */ = {
			isa = XCConfigurationList;
			buildConfigurations = (
				5ED3D17C2135997E00984BA6 /* Debug */,
				5ED3D17D2135997E00984BA6 /* Release */,
			);
			defaultConfigurationIsVisible = 0;
			defaultConfigurationName = Release;
		};
		5ED3D17E2135997E00984BA6 /* Build configuration list for PBXNativeTarget "FoodTracker" */ = {
			isa = XCConfigurationList;
			buildConfigurations = (
				5ED3D17F2135997E00984BA6 /* Debug */,
				5ED3D1802135997E00984BA6 /* Release */,
			);
			defaultConfigurationIsVisible = 0;
			defaultConfigurationName = Release;
		};
		5ED3D1812135997E00984BA6 /* Build configuration list for PBXNativeTarget "FoodTrackerTests" */ = {
			isa = XCConfigurationList;
			buildConfigurations = (
				5ED3D1822135997E00984BA6 /* Debug */,
				5ED3D1832135997E00984BA6 /* Release */,
			);
			defaultConfigurationIsVisible = 0;
			defaultConfigurationName = Release;
		};
		5ED3D1842135997E00984BA6 /* Build configuration list for PBXNativeTarget "FoodTrackerUITests" */ = {
			isa = XCConfigurationList;
			buildConfigurations = (
				5ED3D1852135997E00984BA6 /* Debug */,
				5ED3D1862135997E00984BA6 /* Release */,
			);
			defaultConfigurationIsVisible = 0;
			defaultConfigurationName = Release;
		};
/* End XCConfigurationList section */
	};
	rootObject = 5ED3D14E2135997D00984BA6 /* Project object */;
}
